
Microsoft Visual Studio Solution File, Format Version 12.00
# Visual Studio 15
VisualStudioVersion = 15.0.26124.0
MinimumVisualStudioVersion = 15.0.26124.0
Project("{2150E333-8FDC-42A3-9474-1A3956D46DE8}") = "src", "src", "{0A36E00D-C655-41B6-8126-BCFAA5E054C8}"
EndProject
Project("{2150E333-8FDC-42A3-9474-1A3956D46DE8}") = "tests", "tests", "{0C641560-40D9-4763-ACE4-FF36EB7F77D2}"
EndProject
Project("{FAE04EC0-301F-11D3-BF4B-00C04F79EFBC}") = "Board.WebHost", "src\Board.WebHost\Board.WebHost.csproj", "{F8E48A87-DE16-44DA-B256-6A7C2E441CDB}"
EndProject
Project("{FAE04EC0-301F-11D3-BF4B-00C04F79EFBC}") = "Board.Application", "src\Board.Application\Board.Application.csproj", "{B76CA87A-0D4A-4129-B8C8-E9A4D7311DA1}"
EndProject
Project("{FAE04EC0-301F-11D3-BF4B-00C04F79EFBC}") = "Board.Infrastructure", "src\Board.Infrastructure\Board.Infrastructure.csproj", "{56011D91-810F-4C51-8420-44E0C70E2754}"
EndProject
Project("{FAE04EC0-301F-11D3-BF4B-00C04F79EFBC}") = "Board.Scrapers", "src\Board.Scrapers\Board.Scrapers.csproj", "{7C6D168D-2E8F-433B-AF27-B299906342CA}"
EndProject
Project("{FAE04EC0-301F-11D3-BF4B-00C04F79EFBC}") = "Board.IntegrationTests", "tests\Board.IntegrationTests\Board.IntegrationTests.csproj", "{EAB3A530-FDDA-4DA3-A647-CB1154DAE6B4}"
EndProject
Project("{FAE04EC0-301F-11D3-BF4B-00C04F79EFBC}") = "Board.Core", "src\Board.Core\Board.Core.csproj", "{A69E3343-8413-48AF-A2F6-A59BC255FE74}"
EndProject
Global
	GlobalSection(SolutionConfigurationPlatforms) = preSolution
		Debug|Any CPU = Debug|Any CPU
		Debug|x64 = Debug|x64
		Debug|x86 = Debug|x86
		Release|Any CPU = Release|Any CPU
		Release|x64 = Release|x64
		Release|x86 = Release|x86
	EndGlobalSection
	GlobalSection(SolutionProperties) = preSolution
		HideSolutionNode = FALSE
	EndGlobalSection
	GlobalSection(ProjectConfigurationPlatforms) = postSolution
		{F8E48A87-DE16-44DA-B256-6A7C2E441CDB}.Debug|Any CPU.ActiveCfg = Debug|Any CPU
		{F8E48A87-DE16-44DA-B256-6A7C2E441CDB}.Debug|Any CPU.Build.0 = Debug|Any CPU
		{F8E48A87-DE16-44DA-B256-6A7C2E441CDB}.Debug|x64.ActiveCfg = Debug|Any CPU
		{F8E48A87-DE16-44DA-B256-6A7C2E441CDB}.Debug|x64.Build.0 = Debug|Any CPU
		{F8E48A87-DE16-44DA-B256-6A7C2E441CDB}.Debug|x86.ActiveCfg = Debug|Any CPU
		{F8E48A87-DE16-44DA-B256-6A7C2E441CDB}.Debug|x86.Build.0 = Debug|Any CPU
		{F8E48A87-DE16-44DA-B256-6A7C2E441CDB}.Release|Any CPU.ActiveCfg = Release|Any CPU
		{F8E48A87-DE16-44DA-B256-6A7C2E441CDB}.Release|Any CPU.Build.0 = Release|Any CPU
		{F8E48A87-DE16-44DA-B256-6A7C2E441CDB}.Release|x64.ActiveCfg = Release|Any CPU
		{F8E48A87-DE16-44DA-B256-6A7C2E441CDB}.Release|x64.Build.0 = Release|Any CPU
		{F8E48A87-DE16-44DA-B256-6A7C2E441CDB}.Release|x86.ActiveCfg = Release|Any CPU
		{F8E48A87-DE16-44DA-B256-6A7C2E441CDB}.Release|x86.Build.0 = Release|Any CPU
		{B76CA87A-0D4A-4129-B8C8-E9A4D7311DA1}.Debug|Any CPU.ActiveCfg = Debug|Any CPU
		{B76CA87A-0D4A-4129-B8C8-E9A4D7311DA1}.Debug|Any CPU.Build.0 = Debug|Any CPU
		{B76CA87A-0D4A-4129-B8C8-E9A4D7311DA1}.Debug|x64.ActiveCfg = Debug|Any CPU
		{B76CA87A-0D4A-4129-B8C8-E9A4D7311DA1}.Debug|x64.Build.0 = Debug|Any CPU
		{B76CA87A-0D4A-4129-B8C8-E9A4D7311DA1}.Debug|x86.ActiveCfg = Debug|Any CPU
		{B76CA87A-0D4A-4129-B8C8-E9A4D7311DA1}.Debug|x86.Build.0 = Debug|Any CPU
		{B76CA87A-0D4A-4129-B8C8-E9A4D7311DA1}.Release|Any CPU.ActiveCfg = Release|Any CPU
		{B76CA87A-0D4A-4129-B8C8-E9A4D7311DA1}.Release|Any CPU.Build.0 = Release|Any CPU
		{B76CA87A-0D4A-4129-B8C8-E9A4D7311DA1}.Release|x64.ActiveCfg = Release|Any CPU
		{B76CA87A-0D4A-4129-B8C8-E9A4D7311DA1}.Release|x64.Build.0 = Release|Any CPU
		{B76CA87A-0D4A-4129-B8C8-E9A4D7311DA1}.Release|x86.ActiveCfg = Release|Any CPU
		{B76CA87A-0D4A-4129-B8C8-E9A4D7311DA1}.Release|x86.Build.0 = Release|Any CPU
		{56011D91-810F-4C51-8420-44E0C70E2754}.Debug|Any CPU.ActiveCfg = Debug|Any CPU
		{56011D91-810F-4C51-8420-44E0C70E2754}.Debug|Any CPU.Build.0 = Debug|Any CPU
		{56011D91-810F-4C51-8420-44E0C70E2754}.Debug|x64.ActiveCfg = Debug|Any CPU
		{56011D91-810F-4C51-8420-44E0C70E2754}.Debug|x64.Build.0 = Debug|Any CPU
		{56011D91-810F-4C51-8420-44E0C70E2754}.Debug|x86.ActiveCfg = Debug|Any CPU
		{56011D91-810F-4C51-8420-44E0C70E2754}.Debug|x86.Build.0 = Debug|Any CPU
		{56011D91-810F-4C51-8420-44E0C70E2754}.Release|Any CPU.ActiveCfg = Release|Any CPU
		{56011D91-810F-4C51-8420-44E0C70E2754}.Release|Any CPU.Build.0 = Release|Any CPU
		{56011D91-810F-4C51-8420-44E0C70E2754}.Release|x64.ActiveCfg = Release|Any CPU
		{56011D91-810F-4C51-8420-44E0C70E2754}.Release|x64.Build.0 = Release|Any CPU
		{56011D91-810F-4C51-8420-44E0C70E2754}.Release|x86.ActiveCfg = Release|Any CPU
		{56011D91-810F-4C51-8420-44E0C70E2754}.Release|x86.Build.0 = Release|Any CPU
		{7C6D168D-2E8F-433B-AF27-B299906342CA}.Debug|Any CPU.ActiveCfg = Debug|Any CPU
		{7C6D168D-2E8F-433B-AF27-B299906342CA}.Debug|Any CPU.Build.0 = Debug|Any CPU
		{7C6D168D-2E8F-433B-AF27-B299906342CA}.Debug|x64.ActiveCfg = Debug|Any CPU
		{7C6D168D-2E8F-433B-AF27-B299906342CA}.Debug|x64.Build.0 = Debug|Any CPU
		{7C6D168D-2E8F-433B-AF27-B299906342CA}.Debug|x86.ActiveCfg = Debug|Any CPU
		{7C6D168D-2E8F-433B-AF27-B299906342CA}.Debug|x86.Build.0 = Debug|Any CPU
		{7C6D168D-2E8F-433B-AF27-B299906342CA}.Release|Any CPU.ActiveCfg = Release|Any CPU
		{7C6D168D-2E8F-433B-AF27-B299906342CA}.Release|Any CPU.Build.0 = Release|Any CPU
		{7C6D168D-2E8F-433B-AF27-B299906342CA}.Release|x64.ActiveCfg = Release|Any CPU
		{7C6D168D-2E8F-433B-AF27-B299906342CA}.Release|x64.Build.0 = Release|Any CPU
		{7C6D168D-2E8F-433B-AF27-B299906342CA}.Release|x86.ActiveCfg = Release|Any CPU
		{7C6D168D-2E8F-433B-AF27-B299906342CA}.Release|x86.Build.0 = Release|Any CPU
		{EAB3A530-FDDA-4DA3-A647-CB1154DAE6B4}.Debug|Any CPU.ActiveCfg = Debug|Any CPU
		{EAB3A530-FDDA-4DA3-A647-CB1154DAE6B4}.Debug|Any CPU.Build.0 = Debug|Any CPU
		{EAB3A530-FDDA-4DA3-A647-CB1154DAE6B4}.Debug|x64.ActiveCfg = Debug|Any CPU
		{EAB3A530-FDDA-4DA3-A647-CB1154DAE6B4}.Debug|x64.Build.0 = Debug|Any CPU
		{EAB3A530-FDDA-4DA3-A647-CB1154DAE6B4}.Debug|x86.ActiveCfg = Debug|Any CPU
		{EAB3A530-FDDA-4DA3-A647-CB1154DAE6B4}.Debug|x86.Build.0 = Debug|Any CPU
		{EAB3A530-FDDA-4DA3-A647-CB1154DAE6B4}.Release|Any CPU.ActiveCfg = Release|Any CPU
		{EAB3A530-FDDA-4DA3-A647-CB1154DAE6B4}.Release|Any CPU.Build.0 = Release|Any CPU
		{EAB3A530-FDDA-4DA3-A647-CB1154DAE6B4}.Release|x64.ActiveCfg = Release|Any CPU
		{EAB3A530-FDDA-4DA3-A647-CB1154DAE6B4}.Release|x64.Build.0 = Release|Any CPU
		{EAB3A530-FDDA-4DA3-A647-CB1154DAE6B4}.Release|x86.ActiveCfg = Release|Any CPU
		{EAB3A530-FDDA-4DA3-A647-CB1154DAE6B4}.Release|x86.Build.0 = Release|Any CPU
		{A69E3343-8413-48AF-A2F6-A59BC255FE74}.Debug|Any CPU.ActiveCfg = Debug|Any CPU
		{A69E3343-8413-48AF-A2F6-A59BC255FE74}.Debug|Any CPU.Build.0 = Debug|Any CPU
		{A69E3343-8413-48AF-A2F6-A59BC255FE74}.Debug|x64.ActiveCfg = Debug|Any CPU
		{A69E3343-8413-48AF-A2F6-A59BC255FE74}.Debug|x64.Build.0 = Debug|Any CPU
		{A69E3343-8413-48AF-A2F6-A59BC255FE74}.Debug|x86.ActiveCfg = Debug|Any CPU
		{A69E3343-8413-48AF-A2F6-A59BC255FE74}.Debug|x86.Build.0 = Debug|Any CPU
		{A69E3343-8413-48AF-A2F6-A59BC255FE74}.Release|Any CPU.ActiveCfg = Release|Any CPU
		{A69E3343-8413-48AF-A2F6-A59BC255FE74}.Release|Any CPU.Build.0 = Release|Any CPU
		{A69E3343-8413-48AF-A2F6-A59BC255FE74}.Release|x64.ActiveCfg = Release|Any CPU
		{A69E3343-8413-48AF-A2F6-A59BC255FE74}.Release|x64.Build.0 = Release|Any CPU
		{A69E3343-8413-48AF-A2F6-A59BC255FE74}.Release|x86.ActiveCfg = Release|Any CPU
		{A69E3343-8413-48AF-A2F6-A59BC255FE74}.Release|x86.Build.0 = Release|Any CPU
	EndGlobalSection
	GlobalSection(NestedProjects) = preSolution
		{F8E48A87-DE16-44DA-B256-6A7C2E441CDB} = {0A36E00D-C655-41B6-8126-BCFAA5E054C8}
		{B76CA87A-0D4A-4129-B8C8-E9A4D7311DA1} = {0A36E00D-C655-41B6-8126-BCFAA5E054C8}
		{56011D91-810F-4C51-8420-44E0C70E2754} = {0A36E00D-C655-41B6-8126-BCFAA5E054C8}
		{7C6D168D-2E8F-433B-AF27-B299906342CA} = {0A36E00D-C655-41B6-8126-BCFAA5E054C8}
		{EAB3A530-FDDA-4DA3-A647-CB1154DAE6B4} = {0C641560-40D9-4763-ACE4-FF36EB7F77D2}
		{A69E3343-8413-48AF-A2F6-A59BC255FE74} = {0A36E00D-C655-41B6-8126-BCFAA5E054C8}
	EndGlobalSection
EndGlobal
